
Microsoft Visual Studio Solution File, Format Version 12.00
# Visual Studio Version 17
VisualStudioVersion = 17.11.35222.181
MinimumVisualStudioVersion = 10.0.40219.1
Project("{FAE04EC0-301F-11D3-BF4B-00C04F79EFBC}") = "Student-management", "Student-management\Student-management.csproj", "{53DF860B-11EF-41EF-91C8-76987FCDC1AA}"
EndProject
Global
	GlobalSection(SolutionConfigurationPlatforms) = preSolution
		Debug|Any CPU = Debug|Any CPU
		Release|Any CPU = Release|Any CPU
	EndGlobalSection
	GlobalSection(ProjectConfigurationPlatforms) = postSolution
		{53DF860B-11EF-41EF-91C8-76987FCDC1AA}.Debug|Any CPU.ActiveCfg = Debug|Any CPU
		{53DF860B-11EF-41EF-91C8-76987FCDC1AA}.Debug|Any CPU.Build.0 = Debug|Any CPU
		{53DF860B-11EF-41EF-91C8-76987FCDC1AA}.Release|Any CPU.ActiveCfg = Release|Any CPU
		{53DF860B-11EF-41EF-91C8-76987FCDC1AA}.Release|Any CPU.Build.0 = Release|Any CPU
	EndGlobalSection
	GlobalSection(SolutionProperties) = preSolution
		HideSolutionNode = FALSE
	EndGlobalSection
	GlobalSection(ExtensibilityGlobals) = postSolution
		SolutionGuid = {28D76627-CD7E-4E85-8720-7B34C0340EEB}
	EndGlobalSection
EndGlobal
