
Microsoft Visual Studio Solution File, Format Version 12.00
# Visual Studio Version 17
VisualStudioVersion = 17.11.35222.181
MinimumVisualStudioVersion = 10.0.40219.1
Project("{FAE04EC0-301F-11D3-BF4B-00C04F79EFBC}") = "dream-car-api", "dream-car-api\dream-car-api.csproj", "{15D62043-CFFB-4B1A-B773-49801B76A10B}"
EndProject
Global
	GlobalSection(SolutionConfigurationPlatforms) = preSolution
		Debug|Any CPU = Debug|Any CPU
		Release|Any CPU = Release|Any CPU
	EndGlobalSection
	GlobalSection(ProjectConfigurationPlatforms) = postSolution
		{15D62043-CFFB-4B1A-B773-49801B76A10B}.Debug|Any CPU.ActiveCfg = Debug|Any CPU
		{15D62043-CFFB-4B1A-B773-49801B76A10B}.Debug|Any CPU.Build.0 = Debug|Any CPU
		{15D62043-CFFB-4B1A-B773-49801B76A10B}.Release|Any CPU.ActiveCfg = Release|Any CPU
		{15D62043-CFFB-4B1A-B773-49801B76A10B}.Release|Any CPU.Build.0 = Release|Any CPU
	EndGlobalSection
	GlobalSection(SolutionProperties) = preSolution
		HideSolutionNode = FALSE
	EndGlobalSection
	GlobalSection(ExtensibilityGlobals) = postSolution
		SolutionGuid = {DF384F28-82FC-4AE5-8683-961AAEC922F4}
	EndGlobalSection
EndGlobal
