
Microsoft Visual Studio Solution File, Format Version 12.00
# Visual Studio Version 17
VisualStudioVersion = 17.11.35222.181
MinimumVisualStudioVersion = 10.0.40219.1
Project("{FAE04EC0-301F-11D3-BF4B-00C04F79EFBC}") = "First-API", "First-API\First-API.csproj", "{99AB7528-6B3C-4D8C-B189-AA02A01106BB}"
EndProject
Global
	GlobalSection(SolutionConfigurationPlatforms) = preSolution
		Debug|Any CPU = Debug|Any CPU
		Release|Any CPU = Release|Any CPU
	EndGlobalSection
	GlobalSection(ProjectConfigurationPlatforms) = postSolution
		{99AB7528-6B3C-4D8C-B189-AA02A01106BB}.Debug|Any CPU.ActiveCfg = Debug|Any CPU
		{99AB7528-6B3C-4D8C-B189-AA02A01106BB}.Debug|Any CPU.Build.0 = Debug|Any CPU
		{99AB7528-6B3C-4D8C-B189-AA02A01106BB}.Release|Any CPU.ActiveCfg = Release|Any CPU
		{99AB7528-6B3C-4D8C-B189-AA02A01106BB}.Release|Any CPU.Build.0 = Release|Any CPU
	EndGlobalSection
	GlobalSection(SolutionProperties) = preSolution
		HideSolutionNode = FALSE
	EndGlobalSection
	GlobalSection(ExtensibilityGlobals) = postSolution
		SolutionGuid = {FB53F91C-089B-4E29-A1CA-0F3F8B480806}
	EndGlobalSection
EndGlobal
